
Microsoft Visual Studio Solution File, Format Version 9.00
# Visual Studio 2005
Project("{8BC9CEB8-8B4A-11D0-8D11-00A0C91BC942}") = "TLM_2d", "TLM_2d\TLM_2d.vcproj", "{1E373812-1214-44B9-B996-D17A5469EDD0}"
EndProject
Global
	GlobalSection(SolutionConfigurationPlatforms) = preSolution
		Debug|Win32 = Debug|Win32
		Release|Win32 = Release|Win32
	EndGlobalSection
	GlobalSection(ProjectConfigurationPlatforms) = postSolution
		{1E373812-1214-44B9-B996-D17A5469EDD0}.Debug|Win32.ActiveCfg = Debug|Win32
		{1E373812-1214-44B9-B996-D17A5469EDD0}.Debug|Win32.Build.0 = Debug|Win32
		{1E373812-1214-44B9-B996-D17A5469EDD0}.Release|Win32.ActiveCfg = Release|Win32
		{1E373812-1214-44B9-B996-D17A5469EDD0}.Release|Win32.Build.0 = Release|Win32
	EndGlobalSection
	GlobalSection(SolutionProperties) = preSolution
		HideSolutionNode = FALSE
	EndGlobalSection
EndGlobal
