
Microsoft Visual Studio Solution File, Format Version 9.00
# Visual Studio 2005
Project("{8BC9CEB8-8B4A-11D0-8D11-00A0C91BC942}") = "TLM_average_stats", "TLM_average_stats\TLM_average_stats.vcproj", "{05D2963B-2DAC-4782-98F5-1D9C0212E90C}"
EndProject
Global
	GlobalSection(SolutionConfigurationPlatforms) = preSolution
		Debug|Win32 = Debug|Win32
		Release|Win32 = Release|Win32
	EndGlobalSection
	GlobalSection(ProjectConfigurationPlatforms) = postSolution
		{05D2963B-2DAC-4782-98F5-1D9C0212E90C}.Debug|Win32.ActiveCfg = Debug|Win32
		{05D2963B-2DAC-4782-98F5-1D9C0212E90C}.Debug|Win32.Build.0 = Debug|Win32
		{05D2963B-2DAC-4782-98F5-1D9C0212E90C}.Release|Win32.ActiveCfg = Release|Win32
		{05D2963B-2DAC-4782-98F5-1D9C0212E90C}.Release|Win32.Build.0 = Release|Win32
	EndGlobalSection
	GlobalSection(SolutionProperties) = preSolution
		HideSolutionNode = FALSE
	EndGlobalSection
EndGlobal
