
Microsoft Visual Studio Solution File, Format Version 9.00
# Visual Studio 2005
Project("{8BC9CEB8-8B4A-11D0-8D11-00A0C91BC942}") = "TLM_parallel_balanced", "TLM_parallel_balanced\TLM_parallel_balanced.vcproj", "{F0D3E834-3AC5-415B-B065-6593F56BBA41}"
EndProject
Global
	GlobalSection(SolutionConfigurationPlatforms) = preSolution
		Debug|Win32 = Debug|Win32
		Release|Win32 = Release|Win32
	EndGlobalSection
	GlobalSection(ProjectConfigurationPlatforms) = postSolution
		{F0D3E834-3AC5-415B-B065-6593F56BBA41}.Debug|Win32.ActiveCfg = Debug|Win32
		{F0D3E834-3AC5-415B-B065-6593F56BBA41}.Debug|Win32.Build.0 = Debug|Win32
		{F0D3E834-3AC5-415B-B065-6593F56BBA41}.Release|Win32.ActiveCfg = Release|Win32
		{F0D3E834-3AC5-415B-B065-6593F56BBA41}.Release|Win32.Build.0 = Release|Win32
	EndGlobalSection
	GlobalSection(SolutionProperties) = preSolution
		HideSolutionNode = FALSE
	EndGlobalSection
EndGlobal
