
Microsoft Visual Studio Solution File, Format Version 9.00
# Visual Studio 2005
Project("{8BC9CEB8-8B4A-11D0-8D11-00A0C91BC942}") = "TLM_parallel_events", "TLM_parallel_events\TLM_parallel_events.vcproj", "{56223AE5-688C-468E-8536-CA417C80CA83}"
EndProject
Global
	GlobalSection(SolutionConfigurationPlatforms) = preSolution
		Debug|Win32 = Debug|Win32
		Release|Win32 = Release|Win32
	EndGlobalSection
	GlobalSection(ProjectConfigurationPlatforms) = postSolution
		{56223AE5-688C-468E-8536-CA417C80CA83}.Debug|Win32.ActiveCfg = Debug|Win32
		{56223AE5-688C-468E-8536-CA417C80CA83}.Debug|Win32.Build.0 = Debug|Win32
		{56223AE5-688C-468E-8536-CA417C80CA83}.Release|Win32.ActiveCfg = Release|Win32
		{56223AE5-688C-468E-8536-CA417C80CA83}.Release|Win32.Build.0 = Release|Win32
	EndGlobalSection
	GlobalSection(SolutionProperties) = preSolution
		HideSolutionNode = FALSE
	EndGlobalSection
EndGlobal
