
Microsoft Visual Studio Solution File, Format Version 9.00
# Visual Studio 2005
Project("{8BC9CEB8-8B4A-11D0-8D11-00A0C91BC942}") = "TLM_parallel", "TLM_parallel\TLM_parallel.vcproj", "{616A33A9-0A0C-40D6-BBAE-7822F055BE57}"
EndProject
Global
	GlobalSection(SolutionConfigurationPlatforms) = preSolution
		Debug|Win32 = Debug|Win32
		Release|Win32 = Release|Win32
	EndGlobalSection
	GlobalSection(ProjectConfigurationPlatforms) = postSolution
		{616A33A9-0A0C-40D6-BBAE-7822F055BE57}.Debug|Win32.ActiveCfg = Debug|Win32
		{616A33A9-0A0C-40D6-BBAE-7822F055BE57}.Debug|Win32.Build.0 = Debug|Win32
		{616A33A9-0A0C-40D6-BBAE-7822F055BE57}.Release|Win32.ActiveCfg = Release|Win32
		{616A33A9-0A0C-40D6-BBAE-7822F055BE57}.Release|Win32.Build.0 = Release|Win32
	EndGlobalSection
	GlobalSection(SolutionProperties) = preSolution
		HideSolutionNode = FALSE
	EndGlobalSection
EndGlobal
